
Microsoft Visual Studio Solution File, Format Version 12.00
# Visual Studio Version 17
VisualStudioVersion = 17.3.32901.215
MinimumVisualStudioVersion = 10.0.40219.1
Project("{FAE04EC0-301F-11D3-BF4B-00C04F79EFBC}") = "3.4", "3.4\3.4.csproj", "{A7050BC8-DE2E-4D90-87F2-7640A38B959E}"
EndProject
Global
	GlobalSection(SolutionConfigurationPlatforms) = preSolution
		Debug|Any CPU = Debug|Any CPU
		Release|Any CPU = Release|Any CPU
	EndGlobalSection
	GlobalSection(ProjectConfigurationPlatforms) = postSolution
		{A7050BC8-DE2E-4D90-87F2-7640A38B959E}.Debug|Any CPU.ActiveCfg = Debug|Any CPU
		{A7050BC8-DE2E-4D90-87F2-7640A38B959E}.Debug|Any CPU.Build.0 = Debug|Any CPU
		{A7050BC8-DE2E-4D90-87F2-7640A38B959E}.Release|Any CPU.ActiveCfg = Release|Any CPU
		{A7050BC8-DE2E-4D90-87F2-7640A38B959E}.Release|Any CPU.Build.0 = Release|Any CPU
	EndGlobalSection
	GlobalSection(SolutionProperties) = preSolution
		HideSolutionNode = FALSE
	EndGlobalSection
	GlobalSection(ExtensibilityGlobals) = postSolution
		SolutionGuid = {D04559A7-000F-4857-B264-9F136C49D491}
	EndGlobalSection
EndGlobal
